
Microsoft Visual Studio Solution File, Format Version 12.00
# Visual Studio Version 16
VisualStudioVersion = 16.0.30413.136
MinimumVisualStudioVersion = 10.0.40219.1
Project("{FAE04EC0-301F-11D3-BF4B-00C04F79EFBC}") = "ReverseText", "ReverseText\ReverseText.csproj", "{393BBCCE-7790-4462-99CA-80485D1E7FBD}"
EndProject
Global
	GlobalSection(SolutionConfigurationPlatforms) = preSolution
		Debug|Any CPU = Debug|Any CPU
		Release|Any CPU = Release|Any CPU
	EndGlobalSection
	GlobalSection(ProjectConfigurationPlatforms) = postSolution
		{393BBCCE-7790-4462-99CA-80485D1E7FBD}.Debug|Any CPU.ActiveCfg = Debug|Any CPU
		{393BBCCE-7790-4462-99CA-80485D1E7FBD}.Debug|Any CPU.Build.0 = Debug|Any CPU
		{393BBCCE-7790-4462-99CA-80485D1E7FBD}.Release|Any CPU.ActiveCfg = Release|Any CPU
		{393BBCCE-7790-4462-99CA-80485D1E7FBD}.Release|Any CPU.Build.0 = Release|Any CPU
	EndGlobalSection
	GlobalSection(SolutionProperties) = preSolution
		HideSolutionNode = FALSE
	EndGlobalSection
	GlobalSection(ExtensibilityGlobals) = postSolution
		SolutionGuid = {9DA6FA24-9452-466E-BAAF-4B19FF3C2470}
	EndGlobalSection
EndGlobal
